// !$*UTF8*$!
{
	archiveVersion = 1;
	classes = {
	};
	objectVersion = 46;
	objects = {

/* Begin PBXBuildFile section */
		126AFE1917B5EFFE00AD5799 /* GTLYouTube_Sources.m in Sources */ = {isa = PBXBuildFile; fileRef = 126AFD3E17B5EFFD00AD5799 /* GTLYouTube_Sources.m */; };
		126AFE9417B5F00700AD5799 /* GTLYouTubeAnalytics_Sources.m in Sources */ = {isa = PBXBuildFile; fileRef = 126AFE8D17B5F00700AD5799 /* GTLYouTubeAnalytics_Sources.m */; };
		126AFE9717B5F08C00AD5799 /* libGTLTouchStaticLib.a in Frameworks */ = {isa = PBXBuildFile; fileRef = 126AFD3017B5EFAA00AD5799 /* libGTLTouchStaticLib.a */; };
		126AFE9A17B5F56B00AD5799 /* SystemConfiguration.framework in Frameworks */ = {isa = PBXBuildFile; fileRef = 126AFE9917B5F56B00AD5799 /* SystemConfiguration.framework */; };
		126AFE9C17B5F57600AD5799 /* Security.framework in Frameworks */ = {isa = PBXBuildFile; fileRef = 126AFE9B17B5F57600AD5799 /* Security.framework */; };
		12ED337117B2D4680062D13A /* UIKit.framework in Frameworks */ = {isa = PBXBuildFile; fileRef = 12ED337017B2D4680062D13A /* UIKit.framework */; };
		12ED337317B2D4680062D13A /* Foundation.framework in Frameworks */ = {isa = PBXBuildFile; fileRef = 12ED337217B2D4680062D13A /* Foundation.framework */; };
		12ED337517B2D4680062D13A /* CoreGraphics.framework in Frameworks */ = {isa = PBXBuildFile; fileRef = 12ED337417B2D4680062D13A /* CoreGraphics.framework */; };
		12ED337B17B2D4680062D13A /* InfoPlist.strings in Resources */ = {isa = PBXBuildFile; fileRef = 12ED337917B2D4680062D13A /* InfoPlist.strings */; };
		12ED337D17B2D4680062D13A /* main.m in Sources */ = {isa = PBXBuildFile; fileRef = 12ED337C17B2D4680062D13A /* main.m */; };
		12ED338117B2D4680062D13A /* AppDelegate.m in Sources */ = {isa = PBXBuildFile; fileRef = 12ED338017B2D4680062D13A /* AppDelegate.m */; };
		12ED338317B2D4680062D13A /* Default.png in Resources */ = {isa = PBXBuildFile; fileRef = 12ED338217B2D4680062D13A /* Default.png */; };
		12ED338517B2D4680062D13A /* Default@2x.png in Resources */ = {isa = PBXBuildFile; fileRef = 12ED338417B2D4680062D13A /* Default@2x.png */; };
		12ED338717B2D4680062D13A /* Default-568h@2x.png in Resources */ = {isa = PBXBuildFile; fileRef = 12ED338617B2D4680062D13A /* Default-568h@2x.png */; };
		12ED338A17B2D4680062D13A /* MainStoryboard.storyboard in Resources */ = {isa = PBXBuildFile; fileRef = 12ED338817B2D4680062D13A /* MainStoryboard.storyboard */; };
		12ED338D17B2D4680062D13A /* ViewController.m in Sources */ = {isa = PBXBuildFile; fileRef = 12ED338C17B2D4680062D13A /* ViewController.m */; };
		12ED339517B2D4680062D13A /* SenTestingKit.framework in Frameworks */ = {isa = PBXBuildFile; fileRef = 12ED339417B2D4680062D13A /* SenTestingKit.framework */; };
		12ED339617B2D4680062D13A /* UIKit.framework in Frameworks */ = {isa = PBXBuildFile; fileRef = 12ED337017B2D4680062D13A /* UIKit.framework */; };
		12ED339717B2D4680062D13A /* Foundation.framework in Frameworks */ = {isa = PBXBuildFile; fileRef = 12ED337217B2D4680062D13A /* Foundation.framework */; };
		12ED339F17B2D4680062D13A /* InfoPlist.strings in Resources */ = {isa = PBXBuildFile; fileRef = 12ED339D17B2D4680062D13A /* InfoPlist.strings */; };
		12ED33A217B2D4680062D13A /* WatchingLoLTests.m in Sources */ = {isa = PBXBuildFile; fileRef = 12ED33A117B2D4680062D13A /* WatchingLoLTests.m */; };
		12ED33B017B2D60B0062D13A /* ECSlidingViewController.m in Sources */ = {isa = PBXBuildFile; fileRef = 12ED33AD17B2D60B0062D13A /* ECSlidingViewController.m */; };
		12ED33B117B2D60B0062D13A /* UIImage+ImageWithUIView.m in Sources */ = {isa = PBXBuildFile; fileRef = 12ED33AF17B2D60B0062D13A /* UIImage+ImageWithUIView.m */; };
/* End PBXBuildFile section */

/* Begin PBXContainerItemProxy section */
		126AFD2D17B5EFAA00AD5799 /* PBXContainerItemProxy */ = {
			isa = PBXContainerItemProxy;
			containerPortal = 126AFD2617B5EFAA00AD5799 /* GTL.xcodeproj */;
			proxyType = 2;
			remoteGlobalIDString = 4F38F6A60B66E91D00B24B81;
			remoteInfo = GTLFramework;
		};
		126AFD2F17B5EFAA00AD5799 /* PBXContainerItemProxy */ = {
			isa = PBXContainerItemProxy;
			containerPortal = 126AFD2617B5EFAA00AD5799 /* GTL.xcodeproj */;
			proxyType = 2;
			remoteGlobalIDString = 4F12027C11A4CA2F00BEB470;
			remoteInfo = GTLTouchStaticLib;
		};
		126AFD3117B5EFAA00AD5799 /* PBXContainerItemProxy */ = {
			isa = PBXContainerItemProxy;
			containerPortal = 126AFD2617B5EFAA00AD5799 /* GTL.xcodeproj */;
			proxyType = 2;
			remoteGlobalIDString = 4F12027D11A4CA2F00BEB470;
			remoteInfo = GTLUnitTests;
		};
		126AFD3317B5EFAA00AD5799 /* PBXContainerItemProxy */ = {
			isa = PBXContainerItemProxy;
			containerPortal = 126AFD2617B5EFAA00AD5799 /* GTL.xcodeproj */;
			proxyType = 2;
			remoteGlobalIDString = 4F1AD9020B71603F00DC0485;
			remoteInfo = DevelopmentTestTool;
		};
		126AFD3517B5EFC000AD5799 /* PBXContainerItemProxy */ = {
			isa = PBXContainerItemProxy;
			containerPortal = 126AFD2617B5EFAA00AD5799 /* GTL.xcodeproj */;
			proxyType = 1;
			remoteGlobalIDString = 4F1C6E0E1027B3CE00B46459;
			remoteInfo = GTLTouchStaticLib;
		};
		12ED339817B2D4680062D13A /* PBXContainerItemProxy */ = {
			isa = PBXContainerItemProxy;
			containerPortal = 12ED336517B2D4680062D13A /* Project object */;
			proxyType = 1;
			remoteGlobalIDString = 12ED336C17B2D4680062D13A;
			remoteInfo = WatchingLoL;
		};
/* End PBXContainerItemProxy section */

/* Begin PBXCopyFilesBuildPhase section */
		126AFB4A17B5E96B00AD5799 /* Copy Files */ = {
			isa = PBXCopyFilesBuildPhase;
			buildActionMask = 2147483647;
			dstPath = "";
			dstSubfolderSpec = 16;
			files = (
			);
			name = "Copy Files";
			runOnlyForDeploymentPostprocessing = 0;
		};
/* End PBXCopyFilesBuildPhase section */

/* Begin PBXFileReference section */
		126AFD2617B5EFAA00AD5799 /* GTL.xcodeproj */ = {isa = PBXFileReference; lastKnownFileType = "wrapper.pb-project"; name = GTL.xcodeproj; path = Source/GTL.xcodeproj; sourceTree = "<group>"; };
		126AFD3E17B5EFFD00AD5799 /* GTLYouTube_Sources.m */ = {isa = PBXFileReference; fileEncoding = 4; lastKnownFileType = sourcecode.c.objc; path = GTLYouTube_Sources.m; sourceTree = "<group>"; };
		126AFE8D17B5F00700AD5799 /* GTLYouTubeAnalytics_Sources.m */ = {isa = PBXFileReference; fileEncoding = 4; lastKnownFileType = sourcecode.c.objc; path = GTLYouTubeAnalytics_Sources.m; sourceTree = "<group>"; };
		126AFE9917B5F56B00AD5799 /* SystemConfiguration.framework */ = {isa = PBXFileReference; lastKnownFileType = wrapper.framework; name = SystemConfiguration.framework; path = System/Library/Frameworks/SystemConfiguration.framework; sourceTree = SDKROOT; };
		126AFE9B17B5F57600AD5799 /* Security.framework */ = {isa = PBXFileReference; lastKnownFileType = wrapper.framework; name = Security.framework; path = System/Library/Frameworks/Security.framework; sourceTree = SDKROOT; };
		12ED336D17B2D4680062D13A /* WatchingLoL.app */ = {isa = PBXFileReference; explicitFileType = wrapper.application; includeInIndex = 0; path = WatchingLoL.app; sourceTree = BUILT_PRODUCTS_DIR; };
		12ED337017B2D4680062D13A /* UIKit.framework */ = {isa = PBXFileReference; lastKnownFileType = wrapper.framework; name = UIKit.framework; path = System/Library/Frameworks/UIKit.framework; sourceTree = SDKROOT; };
		12ED337217B2D4680062D13A /* Foundation.framework */ = {isa = PBXFileReference; lastKnownFileType = wrapper.framework; name = Foundation.framework; path = System/Library/Frameworks/Foundation.framework; sourceTree = SDKROOT; };
		12ED337417B2D4680062D13A /* CoreGraphics.framework */ = {isa = PBXFileReference; lastKnownFileType = wrapper.framework; name = CoreGraphics.framework; path = System/Library/Frameworks/CoreGraphics.framework; sourceTree = SDKROOT; };
		12ED337817B2D4680062D13A /* WatchingLoL-Info.plist */ = {isa = PBXFileReference; lastKnownFileType = text.plist.xml; path = "WatchingLoL-Info.plist"; sourceTree = "<group>"; };
		12ED337A17B2D4680062D13A /* en */ = {isa = PBXFileReference; lastKnownFileType = text.plist.strings; name = en; path = en.lproj/InfoPlist.strings; sourceTree = "<group>"; };
		12ED337C17B2D4680062D13A /* main.m */ = {isa = PBXFileReference; lastKnownFileType = sourcecode.c.objc; path = main.m; sourceTree = "<group>"; };
		12ED337E17B2D4680062D13A /* WatchingLoL-Prefix.pch */ = {isa = PBXFileReference; lastKnownFileType = sourcecode.c.h; path = "WatchingLoL-Prefix.pch"; sourceTree = "<group>"; };
		12ED337F17B2D4680062D13A /* AppDelegate.h */ = {isa = PBXFileReference; lastKnownFileType = sourcecode.c.h; path = AppDelegate.h; sourceTree = "<group>"; };
		12ED338017B2D4680062D13A /* AppDelegate.m */ = {isa = PBXFileReference; lastKnownFileType = sourcecode.c.objc; path = AppDelegate.m; sourceTree = "<group>"; };
		12ED338217B2D4680062D13A /* Default.png */ = {isa = PBXFileReference; lastKnownFileType = image.png; path = Default.png; sourceTree = "<group>"; };
		12ED338417B2D4680062D13A /* Default@2x.png */ = {isa = PBXFileReference; lastKnownFileType = image.png; path = "Default@2x.png"; sourceTree = "<group>"; };
		12ED338617B2D4680062D13A /* Default-568h@2x.png */ = {isa = PBXFileReference; lastKnownFileType = image.png; path = "Default-568h@2x.png"; sourceTree = "<group>"; };
		12ED338917B2D4680062D13A /* en */ = {isa = PBXFileReference; lastKnownFileType = file.storyboard; name = en; path = en.lproj/MainStoryboard.storyboard; sourceTree = "<group>"; };
		12ED338B17B2D4680062D13A /* ViewController.h */ = {isa = PBXFileReference; lastKnownFileType = sourcecode.c.h; path = ViewController.h; sourceTree = "<group>"; };
		12ED338C17B2D4680062D13A /* ViewController.m */ = {isa = PBXFileReference; lastKnownFileType = sourcecode.c.objc; path = ViewController.m; sourceTree = "<group>"; };
		12ED339317B2D4680062D13A /* WatchingLoLTests.octest */ = {isa = PBXFileReference; explicitFileType = wrapper.cfbundle; includeInIndex = 0; path = WatchingLoLTests.octest; sourceTree = BUILT_PRODUCTS_DIR; };
		12ED339417B2D4680062D13A /* SenTestingKit.framework */ = {isa = PBXFileReference; lastKnownFileType = wrapper.framework; name = SenTestingKit.framework; path = Library/Frameworks/SenTestingKit.framework; sourceTree = DEVELOPER_DIR; };
		12ED339C17B2D4680062D13A /* WatchingLoLTests-Info.plist */ = {isa = PBXFileReference; lastKnownFileType = text.plist.xml; path = "WatchingLoLTests-Info.plist"; sourceTree = "<group>"; };
		12ED339E17B2D4680062D13A /* en */ = {isa = PBXFileReference; lastKnownFileType = text.plist.strings; name = en; path = en.lproj/InfoPlist.strings; sourceTree = "<group>"; };
		12ED33A017B2D4680062D13A /* WatchingLoLTests.h */ = {isa = PBXFileReference; lastKnownFileType = sourcecode.c.h; path = WatchingLoLTests.h; sourceTree = "<group>"; };
		12ED33A117B2D4680062D13A /* WatchingLoLTests.m */ = {isa = PBXFileReference; lastKnownFileType = sourcecode.c.objc; path = WatchingLoLTests.m; sourceTree = "<group>"; };
		12ED33AC17B2D60B0062D13A /* ECSlidingViewController.h */ = {isa = PBXFileReference; fileEncoding = 4; lastKnownFileType = sourcecode.c.h; path = ECSlidingViewController.h; sourceTree = "<group>"; };
		12ED33AD17B2D60B0062D13A /* ECSlidingViewController.m */ = {isa = PBXFileReference; fileEncoding = 4; lastKnownFileType = sourcecode.c.objc; path = ECSlidingViewController.m; sourceTree = "<group>"; };
		12ED33AE17B2D60B0062D13A /* UIImage+ImageWithUIView.h */ = {isa = PBXFileReference; fileEncoding = 4; lastKnownFileType = sourcecode.c.h; path = "UIImage+ImageWithUIView.h"; sourceTree = "<group>"; };
		12ED33AF17B2D60B0062D13A /* UIImage+ImageWithUIView.m */ = {isa = PBXFileReference; fileEncoding = 4; lastKnownFileType = sourcecode.c.objc; path = "UIImage+ImageWithUIView.m"; sourceTree = "<group>"; };
/* End PBXFileReference section */

/* Begin PBXFrameworksBuildPhase section */
		12ED336A17B2D4680062D13A /* Frameworks */ = {
			isa = PBXFrameworksBuildPhase;
			buildActionMask = 2147483647;
			files = (
				126AFE9C17B5F57600AD5799 /* Security.framework in Frameworks */,
				126AFE9A17B5F56B00AD5799 /* SystemConfiguration.framework in Frameworks */,
				126AFE9717B5F08C00AD5799 /* libGTLTouchStaticLib.a in Frameworks */,
				12ED337117B2D4680062D13A /* UIKit.framework in Frameworks */,
				12ED337317B2D4680062D13A /* Foundation.framework in Frameworks */,
				12ED337517B2D4680062D13A /* CoreGraphics.framework in Frameworks */,
			);
			runOnlyForDeploymentPostprocessing = 0;
		};
		12ED338F17B2D4680062D13A /* Frameworks */ = {
			isa = PBXFrameworksBuildPhase;
			buildActionMask = 2147483647;
			files = (
				12ED339517B2D4680062D13A /* SenTestingKit.framework in Frameworks */,
				12ED339617B2D4680062D13A /* UIKit.framework in Frameworks */,
				12ED339717B2D4680062D13A /* Foundation.framework in Frameworks */,
			);
			runOnlyForDeploymentPostprocessing = 0;
		};
/* End PBXFrameworksBuildPhase section */

/* Begin PBXGroup section */
		126AFD2717B5EFAA00AD5799 /* Products */ = {
			isa = PBXGroup;
			children = (
				126AFD2E17B5EFAA00AD5799 /* GTL.framework */,
				126AFD3017B5EFAA00AD5799 /* libGTLTouchStaticLib.a */,
				126AFD3217B5EFAA00AD5799 /* GTLUnitTests.octest */,
				126AFD3417B5EFAA00AD5799 /* DevelopmentTestTool */,
			);
			name = Products;
			sourceTree = "<group>";
		};
		126AFD3717B5EFFD00AD5799 /* YouTube */ = {
			isa = PBXGroup;
			children = (
				126AFD3817B5EFFD00AD5799 /* Generated */,
			);
			name = YouTube;
			path = Source/Services/YouTube;
			sourceTree = "<group>";
		};
		126AFD3817B5EFFD00AD5799 /* Generated */ = {
			isa = PBXGroup;
			children = (
				126AFD3E17B5EFFD00AD5799 /* GTLYouTube_Sources.m */,
			);
			path = Generated;
			sourceTree = "<group>";
		};
		126AFE8617B5F00700AD5799 /* YouTubeAnalytics */ = {
			isa = PBXGroup;
			children = (
				126AFE8717B5F00700AD5799 /* Generated */,
			);
			name = YouTubeAnalytics;
			path = Source/Services/YouTubeAnalytics;
			sourceTree = "<group>";
		};
		126AFE8717B5F00700AD5799 /* Generated */ = {
			isa = PBXGroup;
			children = (
				126AFE8D17B5F00700AD5799 /* GTLYouTubeAnalytics_Sources.m */,
			);
			path = Generated;
			sourceTree = "<group>";
		};
		12ED336417B2D4680062D13A = {
			isa = PBXGroup;
			children = (
				126AFE9B17B5F57600AD5799 /* Security.framework */,
				126AFE9917B5F56B00AD5799 /* SystemConfiguration.framework */,
				126AFE8617B5F00700AD5799 /* YouTubeAnalytics */,
				126AFD3717B5EFFD00AD5799 /* YouTube */,
				126AFD2617B5EFAA00AD5799 /* GTL.xcodeproj */,
				12ED33AB17B2D60B0062D13A /* ECSlidingViewController */,
				12ED337617B2D4680062D13A /* WatchingLoL */,
				12ED339A17B2D4680062D13A /* WatchingLoLTests */,
				12ED336F17B2D4680062D13A /* Frameworks */,
				12ED336E17B2D4680062D13A /* Products */,
			);
			sourceTree = "<group>";
		};
		12ED336E17B2D4680062D13A /* Products */ = {
			isa = PBXGroup;
			children = (
				12ED336D17B2D4680062D13A /* WatchingLoL.app */,
				12ED339317B2D4680062D13A /* WatchingLoLTests.octest */,
			);
			name = Products;
			sourceTree = "<group>";
		};
		12ED336F17B2D4680062D13A /* Frameworks */ = {
			isa = PBXGroup;
			children = (
				12ED337017B2D4680062D13A /* UIKit.framework */,
				12ED337217B2D4680062D13A /* Foundation.framework */,
				12ED337417B2D4680062D13A /* CoreGraphics.framework */,
				12ED339417B2D4680062D13A /* SenTestingKit.framework */,
			);
			name = Frameworks;
			sourceTree = "<group>";
		};
		12ED337617B2D4680062D13A /* WatchingLoL */ = {
			isa = PBXGroup;
			children = (
				12ED337F17B2D4680062D13A /* AppDelegate.h */,
				12ED338017B2D4680062D13A /* AppDelegate.m */,
				12ED338817B2D4680062D13A /* MainStoryboard.storyboard */,
				12ED338B17B2D4680062D13A /* ViewController.h */,
				12ED338C17B2D4680062D13A /* ViewController.m */,
				12ED337717B2D4680062D13A /* Supporting Files */,
			);
			path = WatchingLoL;
			sourceTree = "<group>";
		};
		12ED337717B2D4680062D13A /* Supporting Files */ = {
			isa = PBXGroup;
			children = (
				12ED337817B2D4680062D13A /* WatchingLoL-Info.plist */,
				12ED337917B2D4680062D13A /* InfoPlist.strings */,
				12ED337C17B2D4680062D13A /* main.m */,
				12ED337E17B2D4680062D13A /* WatchingLoL-Prefix.pch */,
				12ED338217B2D4680062D13A /* Default.png */,
				12ED338417B2D4680062D13A /* Default@2x.png */,
				12ED338617B2D4680062D13A /* Default-568h@2x.png */,
			);
			name = "Supporting Files";
			sourceTree = "<group>";
		};
		12ED339A17B2D4680062D13A /* WatchingLoLTests */ = {
			isa = PBXGroup;
			children = (
				12ED33A017B2D4680062D13A /* WatchingLoLTests.h */,
				12ED33A117B2D4680062D13A /* WatchingLoLTests.m */,
				12ED339B17B2D4680062D13A /* Supporting Files */,
			);
			path = WatchingLoLTests;
			sourceTree = "<group>";
		};
		12ED339B17B2D4680062D13A /* Supporting Files */ = {
			isa = PBXGroup;
			children = (
				12ED339C17B2D4680062D13A /* WatchingLoLTests-Info.plist */,
				12ED339D17B2D4680062D13A /* InfoPlist.strings */,
			);
			name = "Supporting Files";
			sourceTree = "<group>";
		};
		12ED33AB17B2D60B0062D13A /* ECSlidingViewController */ = {
			isa = PBXGroup;
			children = (
				12ED33AC17B2D60B0062D13A /* ECSlidingViewController.h */,
				12ED33AD17B2D60B0062D13A /* ECSlidingViewController.m */,
				12ED33AE17B2D60B0062D13A /* UIImage+ImageWithUIView.h */,
				12ED33AF17B2D60B0062D13A /* UIImage+ImageWithUIView.m */,
			);
			path = ECSlidingViewController;
			sourceTree = "<group>";
		};
/* End PBXGroup section */

/* Begin PBXNativeTarget section */
		12ED336C17B2D4680062D13A /* WatchingLoL */ = {
			isa = PBXNativeTarget;
			buildConfigurationList = 12ED33A517B2D4680062D13A /* Build configuration list for PBXNativeTarget "WatchingLoL" */;
			buildPhases = (
				12ED336917B2D4680062D13A /* Sources */,
				12ED336A17B2D4680062D13A /* Frameworks */,
				12ED336B17B2D4680062D13A /* Resources */,
				126AFB4A17B5E96B00AD5799 /* Copy Files */,
			);
			buildRules = (
			);
			dependencies = (
				126AFD3617B5EFC000AD5799 /* PBXTargetDependency */,
			);
			name = WatchingLoL;
			productName = WatchingLoL;
			productReference = 12ED336D17B2D4680062D13A /* WatchingLoL.app */;
			productType = "com.apple.product-type.application";
		};
		12ED339217B2D4680062D13A /* WatchingLoLTests */ = {
			isa = PBXNativeTarget;
			buildConfigurationList = 12ED33A817B2D4680062D13A /* Build configuration list for PBXNativeTarget "WatchingLoLTests" */;
			buildPhases = (
				12ED338E17B2D4680062D13A /* Sources */,
				12ED338F17B2D4680062D13A /* Frameworks */,
				12ED339017B2D4680062D13A /* Resources */,
				12ED339117B2D4680062D13A /* ShellScript */,
			);
			buildRules = (
			);
			dependencies = (
				12ED339917B2D4680062D13A /* PBXTargetDependency */,
			);
			name = WatchingLoLTests;
			productName = WatchingLoLTests;
			productReference = 12ED339317B2D4680062D13A /* WatchingLoLTests.octest */;
			productType = "com.apple.product-type.bundle";
		};
/* End PBXNativeTarget section */

/* Begin PBXProject section */
		12ED336517B2D4680062D13A /* Project object */ = {
			isa = PBXProject;
			attributes = {
				LastUpgradeCheck = 0460;
				ORGANIZATIONNAME = "Zhong Hua Lin";
			};
			buildConfigurationList = 12ED336817B2D4680062D13A /* Build configuration list for PBXProject "WatchingLoL" */;
			compatibilityVersion = "Xcode 3.2";
			developmentRegion = English;
			hasScannedForEncodings = 0;
			knownRegions = (
				en,
			);
			mainGroup = 12ED336417B2D4680062D13A;
			productRefGroup = 12ED336E17B2D4680062D13A /* Products */;
			projectDirPath = "";
			projectReferences = (
				{
					ProductGroup = 126AFD2717B5EFAA00AD5799 /* Products */;
					ProjectRef = 126AFD2617B5EFAA00AD5799 /* GTL.xcodeproj */;
				},
			);
			projectRoot = "";
			targets = (
				12ED336C17B2D4680062D13A /* WatchingLoL */,
				12ED339217B2D4680062D13A /* WatchingLoLTests */,
			);
		};
/* End PBXProject section */

/* Begin PBXReferenceProxy section */
		126AFD2E17B5EFAA00AD5799 /* GTL.framework */ = {
			isa = PBXReferenceProxy;
			fileType = wrapper.framework;
			path = GTL.framework;
			remoteRef = 126AFD2D17B5EFAA00AD5799 /* PBXContainerItemProxy */;
			sourceTree = BUILT_PRODUCTS_DIR;
		};
		126AFD3017B5EFAA00AD5799 /* libGTLTouchStaticLib.a */ = {
			isa = PBXReferenceProxy;
			fileType = archive.ar;
			path = libGTLTouchStaticLib.a;
			remoteRef = 126AFD2F17B5EFAA00AD5799 /* PBXContainerItemProxy */;
			sourceTree = BUILT_PRODUCTS_DIR;
		};
		126AFD3217B5EFAA00AD5799 /* GTLUnitTests.octest */ = {
			isa = PBXReferenceProxy;
			fileType = wrapper.cfbundle;
			path = GTLUnitTests.octest;
			remoteRef = 126AFD3117B5EFAA00AD5799 /* PBXContainerItemProxy */;
			sourceTree = BUILT_PRODUCTS_DIR;
		};
		126AFD3417B5EFAA00AD5799 /* DevelopmentTestTool */ = {
			isa = PBXReferenceProxy;
			fileType = "compiled.mach-o.executable";
			path = DevelopmentTestTool;
			remoteRef = 126AFD3317B5EFAA00AD5799 /* PBXContainerItemProxy */;
			sourceTree = BUILT_PRODUCTS_DIR;
		};
/* End PBXReferenceProxy section */

/* Begin PBXResourcesBuildPhase section */
		12ED336B17B2D4680062D13A /* Resources */ = {
			isa = PBXResourcesBuildPhase;
			buildActionMask = 2147483647;
			files = (
				12ED337B17B2D4680062D13A /* InfoPlist.strings in Resources */,
				12ED338317B2D4680062D13A /* Default.png in Resources */,
				12ED338517B2D4680062D13A /* Default@2x.png in Resources */,
				12ED338717B2D4680062D13A /* Default-568h@2x.png in Resources */,
				12ED338A17B2D4680062D13A /* MainStoryboard.storyboard in Resources */,
			);
			runOnlyForDeploymentPostprocessing = 0;
		};
		12ED339017B2D4680062D13A /* Resources */ = {
			isa = PBXResourcesBuildPhase;
			buildActionMask = 2147483647;
			files = (
				12ED339F17B2D4680062D13A /* InfoPlist.strings in Resources */,
			);
			runOnlyForDeploymentPostprocessing = 0;
		};
/* End PBXResourcesBuildPhase section */

/* Begin PBXShellScriptBuildPhase section */
		12ED339117B2D4680062D13A /* ShellScript */ = {
			isa = PBXShellScriptBuildPhase;
			buildActionMask = 2147483647;
			files = (
			);
			inputPaths = (
			);
			outputPaths = (
			);
			runOnlyForDeploymentPostprocessing = 0;
			shellPath = /bin/sh;
			shellScript = "# Run the unit tests in this test bundle.\n\"${SYSTEM_DEVELOPER_DIR}/Tools/RunUnitTests\"\n";
		};
/* End PBXShellScriptBuildPhase section */

/* Begin PBXSourcesBuildPhase section */
		12ED336917B2D4680062D13A /* Sources */ = {
			isa = PBXSourcesBuildPhase;
			buildActionMask = 2147483647;
			files = (
				12ED337D17B2D4680062D13A /* main.m in Sources */,
				12ED338117B2D4680062D13A /* AppDelegate.m in Sources */,
				12ED338D17B2D4680062D13A /* ViewController.m in Sources */,
				12ED33B017B2D60B0062D13A /* ECSlidingViewController.m in Sources */,
				12ED33B117B2D60B0062D13A /* UIImage+ImageWithUIView.m in Sources */,
				126AFE1917B5EFFE00AD5799 /* GTLYouTube_Sources.m in Sources */,
				126AFE9417B5F00700AD5799 /* GTLYouTubeAnalytics_Sources.m in Sources */,
			);
			runOnlyForDeploymentPostprocessing = 0;
		};
		12ED338E17B2D4680062D13A /* Sources */ = {
			isa = PBXSourcesBuildPhase;
			buildActionMask = 2147483647;
			files = (
				12ED33A217B2D4680062D13A /* WatchingLoLTests.m in Sources */,
			);
			runOnlyForDeploymentPostprocessing = 0;
		};
/* End PBXSourcesBuildPhase section */

/* Begin PBXTargetDependency section */
		126AFD3617B5EFC000AD5799 /* PBXTargetDependency */ = {
			isa = PBXTargetDependency;
			name = GTLTouchStaticLib;
			targetProxy = 126AFD3517B5EFC000AD5799 /* PBXContainerItemProxy */;
		};
		12ED339917B2D4680062D13A /* PBXTargetDependency */ = {
			isa = PBXTargetDependency;
			target = 12ED336C17B2D4680062D13A /* WatchingLoL */;
			targetProxy = 12ED339817B2D4680062D13A /* PBXContainerItemProxy */;
		};
/* End PBXTargetDependency section */

/* Begin PBXVariantGroup section */
		12ED337917B2D4680062D13A /* InfoPlist.strings */ = {
			isa = PBXVariantGroup;
			children = (
				12ED337A17B2D4680062D13A /* en */,
			);
			name = InfoPlist.strings;
			sourceTree = "<group>";
		};
		12ED338817B2D4680062D13A /* MainStoryboard.storyboard */ = {
			isa = PBXVariantGroup;
			children = (
				12ED338917B2D4680062D13A /* en */,
			);
			name = MainStoryboard.storyboard;
			sourceTree = "<group>";
		};
		12ED339D17B2D4680062D13A /* InfoPlist.strings */ = {
			isa = PBXVariantGroup;
			children = (
				12ED339E17B2D4680062D13A /* en */,
			);
			name = InfoPlist.strings;
			sourceTree = "<group>";
		};
/* End PBXVariantGroup section */

/* Begin XCBuildConfiguration section */
		12ED33A317B2D4680062D13A /* Debug */ = {
			isa = XCBuildConfiguration;
			buildSettings = {
				ALWAYS_SEARCH_USER_PATHS = YES;
				CLANG_CXX_LANGUAGE_STANDARD = "gnu++0x";
				CLANG_CXX_LIBRARY = "libc++";
				CLANG_ENABLE_OBJC_ARC = YES;
				CLANG_WARN_CONSTANT_CONVERSION = YES;
				CLANG_WARN_EMPTY_BODY = YES;
				CLANG_WARN_ENUM_CONVERSION = YES;
				CLANG_WARN_INT_CONVERSION = YES;
				CLANG_WARN__DUPLICATE_METHOD_MATCH = YES;
				"CODE_SIGN_IDENTITY[sdk=iphoneos*]" = "iPhone Developer";
				COPY_PHASE_STRIP = NO;
				GCC_C_LANGUAGE_STANDARD = gnu99;
				GCC_DYNAMIC_NO_PIC = NO;
				GCC_OPTIMIZATION_LEVEL = 0;
				GCC_PREPROCESSOR_DEFINITIONS = (
					"DEBUG=1",
					"$(inherited)",
				);
				GCC_SYMBOLS_PRIVATE_EXTERN = NO;
				GCC_WARN_ABOUT_RETURN_TYPE = YES;
				GCC_WARN_UNINITIALIZED_AUTOS = YES;
				GCC_WARN_UNUSED_VARIABLE = YES;
				HEADER_SEARCH_PATHS = "";
				IPHONEOS_DEPLOYMENT_TARGET = 6.1;
				ONLY_ACTIVE_ARCH = YES;
				OTHER_CFLAGS = "";
				SDKROOT = iphoneos;
				USER_HEADER_SEARCH_PATHS = "$(PROJECT_DIR)/**";
			};
			name = Debug;
		};
		12ED33A417B2D4680062D13A /* Release */ = {
			isa = XCBuildConfiguration;
			buildSettings = {
				ALWAYS_SEARCH_USER_PATHS = YES;
				CLANG_CXX_LANGUAGE_STANDARD = "gnu++0x";
				CLANG_CXX_LIBRARY = "libc++";
				CLANG_ENABLE_OBJC_ARC = YES;
				CLANG_WARN_CONSTANT_CONVERSION = YES;
				CLANG_WARN_EMPTY_BODY = YES;
				CLANG_WARN_ENUM_CONVERSION = YES;
				CLANG_WARN_INT_CONVERSION = YES;
				CLANG_WARN__DUPLICATE_METHOD_MATCH = YES;
				"CODE_SIGN_IDENTITY[sdk=iphoneos*]" = "iPhone Developer";
				COPY_PHASE_STRIP = YES;
				GCC_C_LANGUAGE_STANDARD = gnu99;
				GCC_WARN_ABOUT_RETURN_TYPE = YES;
				GCC_WARN_UNINITIALIZED_AUTOS = YES;
				GCC_WARN_UNUSED_VARIABLE = YES;
				HEADER_SEARCH_PATHS = "";
				IPHONEOS_DEPLOYMENT_TARGET = 6.1;
				OTHER_CFLAGS = "-DNS_BLOCK_ASSERTIONS=1";
				SDKROOT = iphoneos;
				USER_HEADER_SEARCH_PATHS = "$(PROJECT_DIR)/**";
				VALIDATE_PRODUCT = YES;
			};
			name = Release;
		};
		12ED33A617B2D4680062D13A /* Debug */ = {
			isa = XCBuildConfiguration;
			buildSettings = {
				ALWAYS_SEARCH_USER_PATHS = YES;
				GCC_PRECOMPILE_PREFIX_HEADER = YES;
				GCC_PREFIX_HEADER = "WatchingLoL/WatchingLoL-Prefix.pch";
				HEADER_SEARCH_PATHS = "";
				INFOPLIST_FILE = "WatchingLoL/WatchingLoL-Info.plist";
				OTHER_LDFLAGS = (
					"-ObjeC",
					"-all_load",
				);
				PRODUCT_NAME = "$(TARGET_NAME)";
				USER_HEADER_SEARCH_PATHS = "$(BUILT_PRODUCTS_DIR)/**";
				WRAPPER_EXTENSION = app;
			};
			name = Debug;
		};
		12ED33A717B2D4680062D13A /* Release */ = {
			isa = XCBuildConfiguration;
			buildSettings = {
				ALWAYS_SEARCH_USER_PATHS = YES;
				GCC_PRECOMPILE_PREFIX_HEADER = YES;
				GCC_PREFIX_HEADER = "WatchingLoL/WatchingLoL-Prefix.pch";
				HEADER_SEARCH_PATHS = "";
				INFOPLIST_FILE = "WatchingLoL/WatchingLoL-Info.plist";
				OTHER_LDFLAGS = (
					"-ObjeC",
					"-all_load",
				);
				PRODUCT_NAME = "$(TARGET_NAME)";
				USER_HEADER_SEARCH_PATHS = "$(BUILT_PRODUCTS_DIR)/**";
				WRAPPER_EXTENSION = app;
			};
			name = Release;
		};
		12ED33A917B2D4680062D13A /* Debug */ = {
			isa = XCBuildConfiguration;
			buildSettings = {
				BUNDLE_LOADER = "$(BUILT_PRODUCTS_DIR)/WatchingLoL.app/WatchingLoL";
				FRAMEWORK_SEARCH_PATHS = (
					"\"$(SDKROOT)/Developer/Library/Frameworks\"",
					"\"$(DEVELOPER_LIBRARY_DIR)/Frameworks\"",
				);
				GCC_PRECOMPILE_PREFIX_HEADER = YES;
				GCC_PREFIX_HEADER = "WatchingLoL/WatchingLoL-Prefix.pch";
				INFOPLIST_FILE = "WatchingLoLTests/WatchingLoLTests-Info.plist";
				PRODUCT_NAME = "$(TARGET_NAME)";
				TEST_HOST = "$(BUNDLE_LOADER)";
				WRAPPER_EXTENSION = octest;
			};
			name = Debug;
		};
		12ED33AA17B2D4680062D13A /* Release */ = {
			isa = XCBuildConfiguration;
			buildSettings = {
				BUNDLE_LOADER = "$(BUILT_PRODUCTS_DIR)/WatchingLoL.app/WatchingLoL";
				FRAMEWORK_SEARCH_PATHS = (
					"\"$(SDKROOT)/Developer/Library/Frameworks\"",
					"\"$(DEVELOPER_LIBRARY_DIR)/Frameworks\"",
				);
				GCC_PRECOMPILE_PREFIX_HEADER = YES;
				GCC_PREFIX_HEADER = "WatchingLoL/WatchingLoL-Prefix.pch";
				INFOPLIST_FILE = "WatchingLoLTests/WatchingLoLTests-Info.plist";
				PRODUCT_NAME = "$(TARGET_NAME)";
				TEST_HOST = "$(BUNDLE_LOADER)";
				WRAPPER_EXTENSION = octest;
			};
			name = Release;
		};
/* End XCBuildConfiguration section */

/* Begin XCConfigurationList section */
		12ED336817B2D4680062D13A /* Build configuration list for PBXProject "WatchingLoL" */ = {
			isa = XCConfigurationList;
			buildConfigurations = (
				12ED33A317B2D4680062D13A /* Debug */,
				12ED33A417B2D4680062D13A /* Release */,
			);
			defaultConfigurationIsVisible = 0;
			defaultConfigurationName = Release;
		};
		12ED33A517B2D4680062D13A /* Build configuration list for PBXNativeTarget "WatchingLoL" */ = {
			isa = XCConfigurationList;
			buildConfigurations = (
				12ED33A617B2D4680062D13A /* Debug */,
				12ED33A717B2D4680062D13A /* Release */,
			);
			defaultConfigurationIsVisible = 0;
			defaultConfigurationName = Release;
		};
		12ED33A817B2D4680062D13A /* Build configuration list for PBXNativeTarget "WatchingLoLTests" */ = {
			isa = XCConfigurationList;
			buildConfigurations = (
				12ED33A917B2D4680062D13A /* Debug */,
				12ED33AA17B2D4680062D13A /* Release */,
			);
			defaultConfigurationIsVisible = 0;
			defaultConfigurationName = Release;
		};
/* End XCConfigurationList section */
	};
	rootObject = 12ED336517B2D4680062D13A /* Project object */;
}
